
Microsoft Visual Studio Solution File, Format Version 12.00
# Visual Studio 14
VisualStudioVersion = 14.0.25420.1
MinimumVisualStudioVersion = 10.0.40219.1
Project("{FAE04EC0-301F-11D3-BF4B-00C04F79EFBC}") = "RestaurantEPOS.UI", "RestaurantEPOS.UI\RestaurantEPOS.UI.csproj", "{B4273B29-500E-4C11-8684-8AE429E62E92}"
EndProject
Project("{FAE04EC0-301F-11D3-BF4B-00C04F79EFBC}") = "RestaurantEPOS.Model", "RestaurantEPOS.Model\RestaurantEPOS.Model.csproj", "{48E7BACA-FE23-42BD-B7D3-DAF78F064545}"
EndProject
Project("{FAE04EC0-301F-11D3-BF4B-00C04F79EFBC}") = "RestaurantEPOS.DataAccess", "RestaurantEPOS.DataAccess\RestaurantEPOS.DataAccess.csproj", "{E9772DED-CB17-4F63-AEA9-5CC17CD0089C}"
EndProject
Project("{FAE04EC0-301F-11D3-BF4B-00C04F79EFBC}") = "RestaurantEPOS.BusinessLayer", "RestaurantEPOS.BusinessLayer\RestaurantEPOS.BusinessLayer.csproj", "{1D1615FF-6888-4AAC-AE36-30A0DA7793F6}"
EndProject
Global
	GlobalSection(SolutionConfigurationPlatforms) = preSolution
		Debug|Any CPU = Debug|Any CPU
		Release|Any CPU = Release|Any CPU
	EndGlobalSection
	GlobalSection(ProjectConfigurationPlatforms) = postSolution
		{B4273B29-500E-4C11-8684-8AE429E62E92}.Debug|Any CPU.ActiveCfg = Debug|Any CPU
		{B4273B29-500E-4C11-8684-8AE429E62E92}.Debug|Any CPU.Build.0 = Debug|Any CPU
		{B4273B29-500E-4C11-8684-8AE429E62E92}.Release|Any CPU.ActiveCfg = Release|Any CPU
		{B4273B29-500E-4C11-8684-8AE429E62E92}.Release|Any CPU.Build.0 = Release|Any CPU
		{48E7BACA-FE23-42BD-B7D3-DAF78F064545}.Debug|Any CPU.ActiveCfg = Debug|Any CPU
		{48E7BACA-FE23-42BD-B7D3-DAF78F064545}.Debug|Any CPU.Build.0 = Debug|Any CPU
		{48E7BACA-FE23-42BD-B7D3-DAF78F064545}.Release|Any CPU.ActiveCfg = Release|Any CPU
		{48E7BACA-FE23-42BD-B7D3-DAF78F064545}.Release|Any CPU.Build.0 = Release|Any CPU
		{E9772DED-CB17-4F63-AEA9-5CC17CD0089C}.Debug|Any CPU.ActiveCfg = Debug|Any CPU
		{E9772DED-CB17-4F63-AEA9-5CC17CD0089C}.Debug|Any CPU.Build.0 = Debug|Any CPU
		{E9772DED-CB17-4F63-AEA9-5CC17CD0089C}.Release|Any CPU.ActiveCfg = Release|Any CPU
		{E9772DED-CB17-4F63-AEA9-5CC17CD0089C}.Release|Any CPU.Build.0 = Release|Any CPU
		{1D1615FF-6888-4AAC-AE36-30A0DA7793F6}.Debug|Any CPU.ActiveCfg = Debug|Any CPU
		{1D1615FF-6888-4AAC-AE36-30A0DA7793F6}.Debug|Any CPU.Build.0 = Debug|Any CPU
		{1D1615FF-6888-4AAC-AE36-30A0DA7793F6}.Release|Any CPU.ActiveCfg = Release|Any CPU
		{1D1615FF-6888-4AAC-AE36-30A0DA7793F6}.Release|Any CPU.Build.0 = Release|Any CPU
	EndGlobalSection
	GlobalSection(SolutionProperties) = preSolution
		HideSolutionNode = FALSE
	EndGlobalSection
EndGlobal
